
Microsoft Visual Studio Solution File, Format Version 12.00
# Visual Studio 15
VisualStudioVersion = 15.0.26730.16
MinimumVisualStudioVersion = 10.0.40219.1
Project("{2150E333-8FDC-42A3-9474-1A3956D46DE8}") = "src", "src", "{BB8FFA83-44FA-47C2-A229-6C7189033225}"
EndProject
Project("{2150E333-8FDC-42A3-9474-1A3956D46DE8}") = "test", "test", "{B8BF1C42-AD58-41B4-858B-19E3F25F1C9A}"
EndProject
Project("{9A19103F-16F7-4668-BE54-9A1E7A4F7556}") = "DbSafe", "DbSafe\DbSafe.csproj", "{5CD2E091-3A37-4B8E-881D-17B76564BDD9}"
EndProject
Project("{9A19103F-16F7-4668-BE54-9A1E7A4F7556}") = "DbSafeTests", "DbSafeTests\DbSafeTests.csproj", "{91CEF54D-CAB6-49B1-9EBB-1EE642212544}"
EndProject
Project("{FAE04EC0-301F-11D3-BF4B-00C04F79EFBC}") = "SqlDbSafe", "SqlDbSafe\SqlDbSafe.csproj", "{54716428-8B0D-49A8-B3CA-2FE2F1456DAE}"
EndProject
Global
	GlobalSection(SolutionConfigurationPlatforms) = preSolution
		Debug|Any CPU = Debug|Any CPU
		Release|Any CPU = Release|Any CPU
	EndGlobalSection
	GlobalSection(ProjectConfigurationPlatforms) = postSolution
		{5CD2E091-3A37-4B8E-881D-17B76564BDD9}.Debug|Any CPU.ActiveCfg = Debug|Any CPU
		{5CD2E091-3A37-4B8E-881D-17B76564BDD9}.Debug|Any CPU.Build.0 = Debug|Any CPU
		{5CD2E091-3A37-4B8E-881D-17B76564BDD9}.Release|Any CPU.ActiveCfg = Release|Any CPU
		{5CD2E091-3A37-4B8E-881D-17B76564BDD9}.Release|Any CPU.Build.0 = Release|Any CPU
		{91CEF54D-CAB6-49B1-9EBB-1EE642212544}.Debug|Any CPU.ActiveCfg = Debug|Any CPU
		{91CEF54D-CAB6-49B1-9EBB-1EE642212544}.Debug|Any CPU.Build.0 = Debug|Any CPU
		{91CEF54D-CAB6-49B1-9EBB-1EE642212544}.Release|Any CPU.ActiveCfg = Release|Any CPU
		{91CEF54D-CAB6-49B1-9EBB-1EE642212544}.Release|Any CPU.Build.0 = Release|Any CPU
		{54716428-8B0D-49A8-B3CA-2FE2F1456DAE}.Debug|Any CPU.ActiveCfg = Debug|Any CPU
		{54716428-8B0D-49A8-B3CA-2FE2F1456DAE}.Debug|Any CPU.Build.0 = Debug|Any CPU
		{54716428-8B0D-49A8-B3CA-2FE2F1456DAE}.Release|Any CPU.ActiveCfg = Release|Any CPU
		{54716428-8B0D-49A8-B3CA-2FE2F1456DAE}.Release|Any CPU.Build.0 = Release|Any CPU
	EndGlobalSection
	GlobalSection(SolutionProperties) = preSolution
		HideSolutionNode = FALSE
	EndGlobalSection
	GlobalSection(NestedProjects) = preSolution
		{5CD2E091-3A37-4B8E-881D-17B76564BDD9} = {BB8FFA83-44FA-47C2-A229-6C7189033225}
		{91CEF54D-CAB6-49B1-9EBB-1EE642212544} = {B8BF1C42-AD58-41B4-858B-19E3F25F1C9A}
		{54716428-8B0D-49A8-B3CA-2FE2F1456DAE} = {BB8FFA83-44FA-47C2-A229-6C7189033225}
	EndGlobalSection
	GlobalSection(ExtensibilityGlobals) = postSolution
		SolutionGuid = {0D1EE0CC-E6E7-4F5D-9A12-E5D38919B7C0}
	EndGlobalSection
EndGlobal
